// !$*UTF8*$!
{
	archiveVersion = 1;
	classes = {
	};
	objectVersion = 45;
	objects = {

/* Begin PBXBuildFile section */
		3A65A34A1207F0840057F194 /* ckkv.c in Sources */ = {isa = PBXBuildFile; fileRef = 3A65A3271207F0840057F194 /* ckkv.c */; };
		3A65A34B1207F0840057F194 /* cvfs.c in Sources */ = {isa = PBXBuildFile; fileRef = 3A65A3281207F0840057F194 /* cvfs.c */; };
		3A65A34C1207F0840057F194 /* dvch.c in Sources */ = {isa = PBXBuildFile; fileRef = 3A65A3291207F0840057F194 /* dvch.c */; };
		3A65A34D1207F0840057F194 /* fino.c in Sources */ = {isa = PBXBuildFile; fileRef = 3A65A32A1207F0840057F194 /* fino.c */; };
		3A65A34E1207F0840057F194 /* isfn.c in Sources */ = {isa = PBXBuildFile; fileRef = 3A65A32B1207F0840057F194 /* isfn.c */; };
		3A65A34F1207F0840057F194 /* lkud.c in Sources */ = {isa = PBXBuildFile; fileRef = 3A65A32C1207F0840057F194 /* lkud.c */; };
		3A65A3501207F0840057F194 /* pdvn.c in Sources */ = {isa = PBXBuildFile; fileRef = 3A65A32E1207F0840057F194 /* pdvn.c */; };
		3A65A3511207F0840057F194 /* prfp.c in Sources */ = {isa = PBXBuildFile; fileRef = 3A65A32F1207F0840057F194 /* prfp.c */; };
		3A65A3521207F0840057F194 /* ptti.c in Sources */ = {isa = PBXBuildFile; fileRef = 3A65A3301207F0840057F194 /* ptti.c */; };
		3A65A3531207F0840057F194 /* rdev.c in Sources */ = {isa = PBXBuildFile; fileRef = 3A65A3311207F0840057F194 /* rdev.c */; };
		3A65A3541207F0840057F194 /* regex.c in Sources */ = {isa = PBXBuildFile; fileRef = 3A65A3321207F0840057F194 /* regex.c */; };
		3A65A3551207F0840057F194 /* rmnt.c in Sources */ = {isa = PBXBuildFile; fileRef = 3A65A3331207F0840057F194 /* rmnt.c */; };
		3A65A3561207F0840057F194 /* rnam.c in Sources */ = {isa = PBXBuildFile; fileRef = 3A65A3341207F0840057F194 /* rnam.c */; };
		3A65A3571207F0840057F194 /* rnch.c in Sources */ = {isa = PBXBuildFile; fileRef = 3A65A3351207F0840057F194 /* rnch.c */; };
		3A65A3581207F0840057F194 /* rnmh.c in Sources */ = {isa = PBXBuildFile; fileRef = 3A65A3361207F0840057F194 /* rnmh.c */; };
		3A65A3591207F0840057F194 /* snpf.c in Sources */ = {isa = PBXBuildFile; fileRef = 3A65A3371207F0840057F194 /* snpf.c */; };
		3A65A35A1207F0840057F194 /* ddev.c in Sources */ = {isa = PBXBuildFile; fileRef = 3A65A3391207F0840057F194 /* ddev.c */; };
		3A65A35B1207F0840057F194 /* dfile.c in Sources */ = {isa = PBXBuildFile; fileRef = 3A65A33A1207F0840057F194 /* dfile.c */; };
		3A65A35C1207F0840057F194 /* dmnt.c in Sources */ = {isa = PBXBuildFile; fileRef = 3A65A33C1207F0840057F194 /* dmnt.c */; };
		3A65A35D1207F0840057F194 /* dproc.c in Sources */ = {isa = PBXBuildFile; fileRef = 3A65A33D1207F0840057F194 /* dproc.c */; };
		3A65A35E1207F0840057F194 /* dsock.c in Sources */ = {isa = PBXBuildFile; fileRef = 3A65A33F1207F0840057F194 /* dsock.c */; };
		3A65A35F1207F0840057F194 /* dstore.c in Sources */ = {isa = PBXBuildFile; fileRef = 3A65A3401207F0840057F194 /* dstore.c */; };
		3A65A3601207F0840057F194 /* misc.c in Sources */ = {isa = PBXBuildFile; fileRef = 3A65A3441207F0840057F194 /* misc.c */; };
		3A65A3611207F0840057F194 /* node.c in Sources */ = {isa = PBXBuildFile; fileRef = 3A65A3451207F0840057F194 /* node.c */; };
		3A65A3621207F0840057F194 /* print.c in Sources */ = {isa = PBXBuildFile; fileRef = 3A65A3461207F0840057F194 /* print.c */; };
		3A65A3631207F0840057F194 /* proc.c in Sources */ = {isa = PBXBuildFile; fileRef = 3A65A3471207F0840057F194 /* proc.c */; };
		3A65A3641207F0840057F194 /* store.c in Sources */ = {isa = PBXBuildFile; fileRef = 3A65A3491207F0840057F194 /* store.c */; };
		614B55901205455A0070FDED /* connection.cpp in Sources */ = {isa = PBXBuildFile; fileRef = 614B557D1205455A0070FDED /* connection.cpp */; };
		614B55911205455A0070FDED /* conninode.cpp in Sources */ = {isa = PBXBuildFile; fileRef = 614B557F1205455A0070FDED /* conninode.cpp */; };
		614B55921205455A0070FDED /* cui.cpp in Sources */ = {isa = PBXBuildFile; fileRef = 614B55811205455A0070FDED /* cui.cpp */; };
		614B55931205455A0070FDED /* decpcap.c in Sources */ = {isa = PBXBuildFile; fileRef = 614B55831205455A0070FDED /* decpcap.c */; };
		614B55941205455A0070FDED /* inode2prog.cpp in Sources */ = {isa = PBXBuildFile; fileRef = 614B55851205455A0070FDED /* inode2prog.cpp */; };
		614B55961205455A0070FDED /* nethogs.cpp in Sources */ = {isa = PBXBuildFile; fileRef = 614B55881205455A0070FDED /* nethogs.cpp */; };
		614B55971205455A0070FDED /* packet.cpp in Sources */ = {isa = PBXBuildFile; fileRef = 614B558A1205455A0070FDED /* packet.cpp */; };
		614B55981205455A0070FDED /* process.cpp in Sources */ = {isa = PBXBuildFile; fileRef = 614B558C1205455A0070FDED /* process.cpp */; };
		614B55991205455A0070FDED /* refresh.cpp in Sources */ = {isa = PBXBuildFile; fileRef = 614B558E1205455A0070FDED /* refresh.cpp */; };
		614B565412054AC50070FDED /* libcurses.dylib in Frameworks */ = {isa = PBXBuildFile; fileRef = 614B565312054AC50070FDED /* libcurses.dylib */; };
		614B565812054AE80070FDED /* libpcap.dylib in Frameworks */ = {isa = PBXBuildFile; fileRef = 614B565712054AE80070FDED /* libpcap.dylib */; };
		8DD76FAC0486AB0100D96B5E /* main.c in Sources */ = {isa = PBXBuildFile; fileRef = 08FB7796FE84155DC02AAC07 /* main.c */; settings = {ATTRIBUTES = (); }; };
		8DD76FB00486AB0100D96B5E /* netusage.1 in CopyFiles */ = {isa = PBXBuildFile; fileRef = C6A0FF2C0290799A04C91782 /* netusage.1 */; };
/* End PBXBuildFile section */

/* Begin PBXCopyFilesBuildPhase section */
		8DD76FAF0486AB0100D96B5E /* CopyFiles */ = {
			isa = PBXCopyFilesBuildPhase;
			buildActionMask = 8;
			dstPath = /usr/share/man/man1/;
			dstSubfolderSpec = 0;
			files = (
				8DD76FB00486AB0100D96B5E /* netusage.1 in CopyFiles */,
			);
			runOnlyForDeploymentPostprocessing = 1;
		};
/* End PBXCopyFilesBuildPhase section */

/* Begin PBXFileReference section */
		08FB7796FE84155DC02AAC07 /* main.c */ = {isa = PBXFileReference; fileEncoding = 4; lastKnownFileType = sourcecode.c.c; path = main.c; sourceTree = "<group>"; };
		3A65A3271207F0840057F194 /* ckkv.c */ = {isa = PBXFileReference; fileEncoding = 4; lastKnownFileType = sourcecode.c.c; path = ckkv.c; sourceTree = "<group>"; };
		3A65A3281207F0840057F194 /* cvfs.c */ = {isa = PBXFileReference; fileEncoding = 4; lastKnownFileType = sourcecode.c.c; path = cvfs.c; sourceTree = "<group>"; };
		3A65A3291207F0840057F194 /* dvch.c */ = {isa = PBXFileReference; fileEncoding = 4; lastKnownFileType = sourcecode.c.c; path = dvch.c; sourceTree = "<group>"; };
		3A65A32A1207F0840057F194 /* fino.c */ = {isa = PBXFileReference; fileEncoding = 4; lastKnownFileType = sourcecode.c.c; path = fino.c; sourceTree = "<group>"; };
		3A65A32B1207F0840057F194 /* isfn.c */ = {isa = PBXFileReference; fileEncoding = 4; lastKnownFileType = sourcecode.c.c; path = isfn.c; sourceTree = "<group>"; };
		3A65A32C1207F0840057F194 /* lkud.c */ = {isa = PBXFileReference; fileEncoding = 4; lastKnownFileType = sourcecode.c.c; path = lkud.c; sourceTree = "<group>"; };
		3A65A32D1207F0840057F194 /* Makefile.skel */ = {isa = PBXFileReference; fileEncoding = 4; lastKnownFileType = text; path = Makefile.skel; sourceTree = "<group>"; };
		3A65A32E1207F0840057F194 /* pdvn.c */ = {isa = PBXFileReference; fileEncoding = 4; lastKnownFileType = sourcecode.c.c; path = pdvn.c; sourceTree = "<group>"; };
		3A65A32F1207F0840057F194 /* prfp.c */ = {isa = PBXFileReference; fileEncoding = 4; lastKnownFileType = sourcecode.c.c; path = prfp.c; sourceTree = "<group>"; };
		3A65A3301207F0840057F194 /* ptti.c */ = {isa = PBXFileReference; fileEncoding = 4; lastKnownFileType = sourcecode.c.c; path = ptti.c; sourceTree = "<group>"; };
		3A65A3311207F0840057F194 /* rdev.c */ = {isa = PBXFileReference; fileEncoding = 4; lastKnownFileType = sourcecode.c.c; path = rdev.c; sourceTree = "<group>"; };
		3A65A3321207F0840057F194 /* regex.c */ = {isa = PBXFileReference; fileEncoding = 4; lastKnownFileType = sourcecode.c.c; path = regex.c; sourceTree = "<group>"; };
		3A65A3331207F0840057F194 /* rmnt.c */ = {isa = PBXFileReference; fileEncoding = 4; lastKnownFileType = sourcecode.c.c; path = rmnt.c; sourceTree = "<group>"; };
		3A65A3341207F0840057F194 /* rnam.c */ = {isa = PBXFileReference; fileEncoding = 4; lastKnownFileType = sourcecode.c.c; path = rnam.c; sourceTree = "<group>"; };
		3A65A3351207F0840057F194 /* rnch.c */ = {isa = PBXFileReference; fileEncoding = 4; lastKnownFileType = sourcecode.c.c; path = rnch.c; sourceTree = "<group>"; };
		3A65A3361207F0840057F194 /* rnmh.c */ = {isa = PBXFileReference; fileEncoding = 4; lastKnownFileType = sourcecode.c.c; path = rnmh.c; sourceTree = "<group>"; };
		3A65A3371207F0840057F194 /* snpf.c */ = {isa = PBXFileReference; fileEncoding = 4; lastKnownFileType = sourcecode.c.c; path = snpf.c; sourceTree = "<group>"; };
		3A65A3391207F0840057F194 /* ddev.c */ = {isa = PBXFileReference; fileEncoding = 4; lastKnownFileType = sourcecode.c.c; path = ddev.c; sourceTree = "<group>"; };
		3A65A33A1207F0840057F194 /* dfile.c */ = {isa = PBXFileReference; fileEncoding = 4; lastKnownFileType = sourcecode.c.c; path = dfile.c; sourceTree = "<group>"; };
		3A65A33B1207F0840057F194 /* dlsof.h */ = {isa = PBXFileReference; fileEncoding = 4; lastKnownFileType = sourcecode.c.h; path = dlsof.h; sourceTree = "<group>"; };
		3A65A33C1207F0840057F194 /* dmnt.c */ = {isa = PBXFileReference; fileEncoding = 4; lastKnownFileType = sourcecode.c.c; path = dmnt.c; sourceTree = "<group>"; };
		3A65A33D1207F0840057F194 /* dproc.c */ = {isa = PBXFileReference; fileEncoding = 4; lastKnownFileType = sourcecode.c.c; path = dproc.c; sourceTree = "<group>"; };
		3A65A33E1207F0840057F194 /* dproto.h */ = {isa = PBXFileReference; fileEncoding = 4; lastKnownFileType = sourcecode.c.h; path = dproto.h; sourceTree = "<group>"; };
		3A65A33F1207F0840057F194 /* dsock.c */ = {isa = PBXFileReference; fileEncoding = 4; lastKnownFileType = sourcecode.c.c; path = dsock.c; sourceTree = "<group>"; };
		3A65A3401207F0840057F194 /* dstore.c */ = {isa = PBXFileReference; fileEncoding = 4; lastKnownFileType = sourcecode.c.c; path = dstore.c; sourceTree = "<group>"; };
		3A65A3411207F0840057F194 /* machine.h */ = {isa = PBXFileReference; fileEncoding = 4; lastKnownFileType = sourcecode.c.h; path = machine.h; sourceTree = "<group>"; };
		3A65A3421207F0840057F194 /* lsof.h */ = {isa = PBXFileReference; fileEncoding = 4; lastKnownFileType = sourcecode.c.h; path = lsof.h; sourceTree = "<group>"; };
		3A65A3431207F0840057F194 /* lsof_fields.h */ = {isa = PBXFileReference; fileEncoding = 4; lastKnownFileType = sourcecode.c.h; path = lsof_fields.h; sourceTree = "<group>"; };
		3A65A3441207F0840057F194 /* misc.c */ = {isa = PBXFileReference; fileEncoding = 4; lastKnownFileType = sourcecode.c.c; path = misc.c; sourceTree = "<group>"; };
		3A65A3451207F0840057F194 /* node.c */ = {isa = PBXFileReference; fileEncoding = 4; lastKnownFileType = sourcecode.c.c; path = node.c; sourceTree = "<group>"; };
		3A65A3461207F0840057F194 /* print.c */ = {isa = PBXFileReference; fileEncoding = 4; lastKnownFileType = sourcecode.c.c; path = print.c; sourceTree = "<group>"; };
		3A65A3471207F0840057F194 /* proc.c */ = {isa = PBXFileReference; fileEncoding = 4; lastKnownFileType = sourcecode.c.c; path = proc.c; sourceTree = "<group>"; };
		3A65A3481207F0840057F194 /* proto.h */ = {isa = PBXFileReference; fileEncoding = 4; lastKnownFileType = sourcecode.c.h; path = proto.h; sourceTree = "<group>"; };
		3A65A3491207F0840057F194 /* store.c */ = {isa = PBXFileReference; fileEncoding = 4; lastKnownFileType = sourcecode.c.c; path = store.c; sourceTree = "<group>"; };
		614B557D1205455A0070FDED /* connection.cpp */ = {isa = PBXFileReference; fileEncoding = 4; lastKnownFileType = sourcecode.cpp.cpp; path = connection.cpp; sourceTree = "<group>"; };
		614B557E1205455A0070FDED /* connection.h */ = {isa = PBXFileReference; fileEncoding = 4; lastKnownFileType = sourcecode.c.h; path = connection.h; sourceTree = "<group>"; };
		614B557F1205455A0070FDED /* conninode.cpp */ = {isa = PBXFileReference; fileEncoding = 4; lastKnownFileType = sourcecode.cpp.cpp; path = conninode.cpp; sourceTree = "<group>"; };
		614B55801205455A0070FDED /* conninode.h */ = {isa = PBXFileReference; fileEncoding = 4; lastKnownFileType = sourcecode.c.h; path = conninode.h; sourceTree = "<group>"; };
		614B55811205455A0070FDED /* cui.cpp */ = {isa = PBXFileReference; fileEncoding = 4; lastKnownFileType = sourcecode.cpp.cpp; path = cui.cpp; sourceTree = "<group>"; };
		614B55821205455A0070FDED /* cui.h */ = {isa = PBXFileReference; fileEncoding = 4; lastKnownFileType = sourcecode.c.h; path = cui.h; sourceTree = "<group>"; };
		614B55831205455A0070FDED /* decpcap.c */ = {isa = PBXFileReference; fileEncoding = 4; lastKnownFileType = sourcecode.c.c; path = decpcap.c; sourceTree = "<group>"; };
		614B55841205455A0070FDED /* decpcap.h */ = {isa = PBXFileReference; fileEncoding = 4; lastKnownFileType = sourcecode.c.h; path = decpcap.h; sourceTree = "<group>"; };
		614B55851205455A0070FDED /* inode2prog.cpp */ = {isa = PBXFileReference; fileEncoding = 4; lastKnownFileType = sourcecode.cpp.cpp; path = inode2prog.cpp; sourceTree = "<group>"; };
		614B55861205455A0070FDED /* inode2prog.h */ = {isa = PBXFileReference; fileEncoding = 4; lastKnownFileType = sourcecode.c.h; path = inode2prog.h; sourceTree = "<group>"; };
		614B55871205455A0070FDED /* nethogs_testsum.cpp */ = {isa = PBXFileReference; fileEncoding = 4; lastKnownFileType = sourcecode.cpp.cpp; path = nethogs_testsum.cpp; sourceTree = "<group>"; };
		614B55881205455A0070FDED /* nethogs.cpp */ = {isa = PBXFileReference; fileEncoding = 4; lastKnownFileType = sourcecode.cpp.cpp; path = nethogs.cpp; sourceTree = "<group>"; };
		614B55891205455A0070FDED /* nethogs.h */ = {isa = PBXFileReference; fileEncoding = 4; lastKnownFileType = sourcecode.c.h; path = nethogs.h; sourceTree = "<group>"; };
		614B558A1205455A0070FDED /* packet.cpp */ = {isa = PBXFileReference; fileEncoding = 4; lastKnownFileType = sourcecode.cpp.cpp; path = packet.cpp; sourceTree = "<group>"; };
		614B558B1205455A0070FDED /* packet.h */ = {isa = PBXFileReference; fileEncoding = 4; lastKnownFileType = sourcecode.c.h; path = packet.h; sourceTree = "<group>"; };
		614B558C1205455A0070FDED /* process.cpp */ = {isa = PBXFileReference; fileEncoding = 4; lastKnownFileType = sourcecode.cpp.cpp; path = process.cpp; sourceTree = "<group>"; };
		614B558D1205455A0070FDED /* process.h */ = {isa = PBXFileReference; fileEncoding = 4; lastKnownFileType = sourcecode.c.h; path = process.h; sourceTree = "<group>"; };
		614B558E1205455A0070FDED /* refresh.cpp */ = {isa = PBXFileReference; fileEncoding = 4; lastKnownFileType = sourcecode.cpp.cpp; path = refresh.cpp; sourceTree = "<group>"; };
		614B558F1205455A0070FDED /* refresh.h */ = {isa = PBXFileReference; fileEncoding = 4; lastKnownFileType = sourcecode.c.h; path = refresh.h; sourceTree = "<group>"; };
		614B565312054AC50070FDED /* libcurses.dylib */ = {isa = PBXFileReference; lastKnownFileType = "compiled.mach-o.dylib"; name = libcurses.dylib; path = usr/lib/libcurses.dylib; sourceTree = SDKROOT; };
		614B565712054AE80070FDED /* libpcap.dylib */ = {isa = PBXFileReference; lastKnownFileType = "compiled.mach-o.dylib"; name = libpcap.dylib; path = usr/lib/libpcap.dylib; sourceTree = SDKROOT; };
		8DD76FB20486AB0100D96B5E /* netusage */ = {isa = PBXFileReference; explicitFileType = "compiled.mach-o.executable"; includeInIndex = 0; path = netusage; sourceTree = BUILT_PRODUCTS_DIR; };
		C6A0FF2C0290799A04C91782 /* netusage.1 */ = {isa = PBXFileReference; lastKnownFileType = text.man; path = netusage.1; sourceTree = "<group>"; };
/* End PBXFileReference section */

/* Begin PBXFrameworksBuildPhase section */
		8DD76FAD0486AB0100D96B5E /* Frameworks */ = {
			isa = PBXFrameworksBuildPhase;
			buildActionMask = 2147483647;
			files = (
				614B565412054AC50070FDED /* libcurses.dylib in Frameworks */,
				614B565812054AE80070FDED /* libpcap.dylib in Frameworks */,
			);
			runOnlyForDeploymentPostprocessing = 0;
		};
/* End PBXFrameworksBuildPhase section */

/* Begin PBXGroup section */
		08FB7794FE84155DC02AAC07 /* netusage */ = {
			isa = PBXGroup;
			children = (
				08FB7795FE84155DC02AAC07 /* Source */,
				C6A0FF2B0290797F04C91782 /* Documentation */,
				1AB674ADFE9D54B511CA2CBB /* Products */,
				614B565312054AC50070FDED /* libcurses.dylib */,
				614B565712054AE80070FDED /* libpcap.dylib */,
			);
			name = netusage;
			sourceTree = "<group>";
		};
		08FB7795FE84155DC02AAC07 /* Source */ = {
			isa = PBXGroup;
			children = (
				3A65A3251207F0840057F194 /* lsof */,
				614B557D1205455A0070FDED /* connection.cpp */,
				614B557E1205455A0070FDED /* connection.h */,
				614B557F1205455A0070FDED /* conninode.cpp */,
				614B55801205455A0070FDED /* conninode.h */,
				614B55811205455A0070FDED /* cui.cpp */,
				614B55821205455A0070FDED /* cui.h */,
				614B55831205455A0070FDED /* decpcap.c */,
				614B55841205455A0070FDED /* decpcap.h */,
				614B55851205455A0070FDED /* inode2prog.cpp */,
				614B55861205455A0070FDED /* inode2prog.h */,
				614B55871205455A0070FDED /* nethogs_testsum.cpp */,
				614B55881205455A0070FDED /* nethogs.cpp */,
				614B55891205455A0070FDED /* nethogs.h */,
				614B558A1205455A0070FDED /* packet.cpp */,
				614B558B1205455A0070FDED /* packet.h */,
				614B558C1205455A0070FDED /* process.cpp */,
				614B558D1205455A0070FDED /* process.h */,
				614B558E1205455A0070FDED /* refresh.cpp */,
				614B558F1205455A0070FDED /* refresh.h */,
				08FB7796FE84155DC02AAC07 /* main.c */,
			);
			name = Source;
			sourceTree = "<group>";
		};
		1AB674ADFE9D54B511CA2CBB /* Products */ = {
			isa = PBXGroup;
			children = (
				8DD76FB20486AB0100D96B5E /* netusage */,
			);
			name = Products;
			sourceTree = "<group>";
		};
		3A65A3251207F0840057F194 /* lsof */ = {
			isa = PBXGroup;
			children = (
				3A65A3261207F0840057F194 /* lib */,
				3A65A3381207F0840057F194 /* libproc */,
				3A65A3421207F0840057F194 /* lsof.h */,
				3A65A3431207F0840057F194 /* lsof_fields.h */,
				3A65A3441207F0840057F194 /* misc.c */,
				3A65A3451207F0840057F194 /* node.c */,
				3A65A3461207F0840057F194 /* print.c */,
				3A65A3471207F0840057F194 /* proc.c */,
				3A65A3481207F0840057F194 /* proto.h */,
				3A65A3491207F0840057F194 /* store.c */,
			);
			path = lsof;
			sourceTree = "<group>";
		};
		3A65A3261207F0840057F194 /* lib */ = {
			isa = PBXGroup;
			children = (
				3A65A3271207F0840057F194 /* ckkv.c */,
				3A65A3281207F0840057F194 /* cvfs.c */,
				3A65A3291207F0840057F194 /* dvch.c */,
				3A65A32A1207F0840057F194 /* fino.c */,
				3A65A32B1207F0840057F194 /* isfn.c */,
				3A65A32C1207F0840057F194 /* lkud.c */,
				3A65A32D1207F0840057F194 /* Makefile.skel */,
				3A65A32E1207F0840057F194 /* pdvn.c */,
				3A65A32F1207F0840057F194 /* prfp.c */,
				3A65A3301207F0840057F194 /* ptti.c */,
				3A65A3311207F0840057F194 /* rdev.c */,
				3A65A3321207F0840057F194 /* regex.c */,
				3A65A3331207F0840057F194 /* rmnt.c */,
				3A65A3341207F0840057F194 /* rnam.c */,
				3A65A3351207F0840057F194 /* rnch.c */,
				3A65A3361207F0840057F194 /* rnmh.c */,
				3A65A3371207F0840057F194 /* snpf.c */,
			);
			path = lib;
			sourceTree = "<group>";
		};
		3A65A3381207F0840057F194 /* libproc */ = {
			isa = PBXGroup;
			children = (
				3A65A3391207F0840057F194 /* ddev.c */,
				3A65A33A1207F0840057F194 /* dfile.c */,
				3A65A33B1207F0840057F194 /* dlsof.h */,
				3A65A33C1207F0840057F194 /* dmnt.c */,
				3A65A33D1207F0840057F194 /* dproc.c */,
				3A65A33E1207F0840057F194 /* dproto.h */,
				3A65A33F1207F0840057F194 /* dsock.c */,
				3A65A3401207F0840057F194 /* dstore.c */,
				3A65A3411207F0840057F194 /* machine.h */,
			);
			path = libproc;
			sourceTree = "<group>";
		};
		C6A0FF2B0290797F04C91782 /* Documentation */ = {
			isa = PBXGroup;
			children = (
				C6A0FF2C0290799A04C91782 /* netusage.1 */,
			);
			name = Documentation;
			sourceTree = "<group>";
		};
/* End PBXGroup section */

/* Begin PBXNativeTarget section */
		8DD76FA90486AB0100D96B5E /* netusage */ = {
			isa = PBXNativeTarget;
			buildConfigurationList = 1DEB928508733DD80010E9CD /* Build configuration list for PBXNativeTarget "netusage" */;
			buildPhases = (
				8DD76FAB0486AB0100D96B5E /* Sources */,
				8DD76FAD0486AB0100D96B5E /* Frameworks */,
				8DD76FAF0486AB0100D96B5E /* CopyFiles */,
			);
			buildRules = (
			);
			dependencies = (
			);
			name = netusage;
			productInstallPath = "$(HOME)/bin";
			productName = netusage;
			productReference = 8DD76FB20486AB0100D96B5E /* netusage */;
			productType = "com.apple.product-type.tool";
		};
/* End PBXNativeTarget section */

/* Begin PBXProject section */
		08FB7793FE84155DC02AAC07 /* Project object */ = {
			isa = PBXProject;
			buildConfigurationList = 1DEB928908733DD80010E9CD /* Build configuration list for PBXProject "netusage" */;
			compatibilityVersion = "Xcode 3.1";
			hasScannedForEncodings = 1;
			mainGroup = 08FB7794FE84155DC02AAC07 /* netusage */;
			projectDirPath = "";
			projectRoot = "";
			targets = (
				8DD76FA90486AB0100D96B5E /* netusage */,
			);
		};
/* End PBXProject section */

/* Begin PBXSourcesBuildPhase section */
		8DD76FAB0486AB0100D96B5E /* Sources */ = {
			isa = PBXSourcesBuildPhase;
			buildActionMask = 2147483647;
			files = (
				8DD76FAC0486AB0100D96B5E /* main.c in Sources */,
				614B55901205455A0070FDED /* connection.cpp in Sources */,
				614B55911205455A0070FDED /* conninode.cpp in Sources */,
				614B55921205455A0070FDED /* cui.cpp in Sources */,
				614B55931205455A0070FDED /* decpcap.c in Sources */,
				614B55941205455A0070FDED /* inode2prog.cpp in Sources */,
				614B55961205455A0070FDED /* nethogs.cpp in Sources */,
				614B55971205455A0070FDED /* packet.cpp in Sources */,
				614B55981205455A0070FDED /* process.cpp in Sources */,
				614B55991205455A0070FDED /* refresh.cpp in Sources */,
				3A65A34A1207F0840057F194 /* ckkv.c in Sources */,
				3A65A34B1207F0840057F194 /* cvfs.c in Sources */,
				3A65A34C1207F0840057F194 /* dvch.c in Sources */,
				3A65A34D1207F0840057F194 /* fino.c in Sources */,
				3A65A34E1207F0840057F194 /* isfn.c in Sources */,
				3A65A34F1207F0840057F194 /* lkud.c in Sources */,
				3A65A3501207F0840057F194 /* pdvn.c in Sources */,
				3A65A3511207F0840057F194 /* prfp.c in Sources */,
				3A65A3521207F0840057F194 /* ptti.c in Sources */,
				3A65A3531207F0840057F194 /* rdev.c in Sources */,
				3A65A3541207F0840057F194 /* regex.c in Sources */,
				3A65A3551207F0840057F194 /* rmnt.c in Sources */,
				3A65A3561207F0840057F194 /* rnam.c in Sources */,
				3A65A3571207F0840057F194 /* rnch.c in Sources */,
				3A65A3581207F0840057F194 /* rnmh.c in Sources */,
				3A65A3591207F0840057F194 /* snpf.c in Sources */,
				3A65A35A1207F0840057F194 /* ddev.c in Sources */,
				3A65A35B1207F0840057F194 /* dfile.c in Sources */,
				3A65A35C1207F0840057F194 /* dmnt.c in Sources */,
				3A65A35D1207F0840057F194 /* dproc.c in Sources */,
				3A65A35E1207F0840057F194 /* dsock.c in Sources */,
				3A65A35F1207F0840057F194 /* dstore.c in Sources */,
				3A65A3601207F0840057F194 /* misc.c in Sources */,
				3A65A3611207F0840057F194 /* node.c in Sources */,
				3A65A3621207F0840057F194 /* print.c in Sources */,
				3A65A3631207F0840057F194 /* proc.c in Sources */,
				3A65A3641207F0840057F194 /* store.c in Sources */,
			);
			runOnlyForDeploymentPostprocessing = 0;
		};
/* End PBXSourcesBuildPhase section */

/* Begin XCBuildConfiguration section */
		1DEB928608733DD80010E9CD /* Debug */ = {
			isa = XCBuildConfiguration;
			buildSettings = {
				ALWAYS_SEARCH_USER_PATHS = NO;
				COPY_PHASE_STRIP = NO;
				GCC_DYNAMIC_NO_PIC = NO;
				GCC_ENABLE_FIX_AND_CONTINUE = YES;
				GCC_MODEL_TUNING = G5;
				GCC_OPTIMIZATION_LEVEL = 0;
				INSTALL_PATH = /usr/local/bin;
				PRODUCT_NAME = netusage;
			};
			name = Debug;
		};
		1DEB928708733DD80010E9CD /* Release */ = {
			isa = XCBuildConfiguration;
			buildSettings = {
				ALWAYS_SEARCH_USER_PATHS = NO;
				DEBUG_INFORMATION_FORMAT = "dwarf-with-dsym";
				GCC_MODEL_TUNING = G5;
				INSTALL_PATH = /usr/local/bin;
				PRODUCT_NAME = netusage;
			};
			name = Release;
		};
		1DEB928A08733DD80010E9CD /* Debug */ = {
			isa = XCBuildConfiguration;
			buildSettings = {
				ARCHS = "$(ARCHS_STANDARD_32_64_BIT)";
				GCC_C_LANGUAGE_STANDARD = gnu99;
				GCC_OPTIMIZATION_LEVEL = 0;
				GCC_WARN_ABOUT_RETURN_TYPE = YES;
				GCC_WARN_UNUSED_VARIABLE = YES;
				ONLY_ACTIVE_ARCH = YES;
				OTHER_CFLAGS = (
					"-DDARWINV=10640",
					"-lncurses",
				);
				PREBINDING = NO;
				SDKROOT = macosx10.6;
			};
			name = Debug;
		};
		1DEB928B08733DD80010E9CD /* Release */ = {
			isa = XCBuildConfiguration;
			buildSettings = {
				ARCHS = "$(ARCHS_STANDARD_32_64_BIT)";
				GCC_C_LANGUAGE_STANDARD = gnu99;
				GCC_WARN_ABOUT_RETURN_TYPE = YES;
				GCC_WARN_UNUSED_VARIABLE = YES;
				OTHER_CFLAGS = "-DDARWINV=10640";
				PREBINDING = NO;
				SDKROOT = macosx10.6;
			};
			name = Release;
		};
/* End XCBuildConfiguration section */

/* Begin XCConfigurationList section */
		1DEB928508733DD80010E9CD /* Build configuration list for PBXNativeTarget "netusage" */ = {
			isa = XCConfigurationList;
			buildConfigurations = (
				1DEB928608733DD80010E9CD /* Debug */,
				1DEB928708733DD80010E9CD /* Release */,
			);
			defaultConfigurationIsVisible = 0;
			defaultConfigurationName = Release;
		};
		1DEB928908733DD80010E9CD /* Build configuration list for PBXProject "netusage" */ = {
			isa = XCConfigurationList;
			buildConfigurations = (
				1DEB928A08733DD80010E9CD /* Debug */,
				1DEB928B08733DD80010E9CD /* Release */,
			);
			defaultConfigurationIsVisible = 0;
			defaultConfigurationName = Release;
		};
/* End XCConfigurationList section */
	};
	rootObject = 08FB7793FE84155DC02AAC07 /* Project object */;
}
